// !$*UTF8*$!
{
	archiveVersion = 1;
	classes = {
	};
	objectVersion = 46;
	objects = {

/* Begin PBXBuildFile section */
		94B35EEE1C0D7D7D00EC6AC9 /* AppDelegate.swift in Sources */ = {isa = PBXBuildFile; fileRef = 94B35EED1C0D7D7D00EC6AC9 /* AppDelegate.swift */; };
		94B35EF01C0D7D7D00EC6AC9 /* RecordSoundsViewController.swift in Sources */ = {isa = PBXBuildFile; fileRef = 94B35EEF1C0D7D7D00EC6AC9 /* RecordSoundsViewController.swift */; };
		94B35EF31C0D7D7D00EC6AC9 /* Main.storyboard in Resources */ = {isa = PBXBuildFile; fileRef = 94B35EF11C0D7D7D00EC6AC9 /* Main.storyboard */; };
		94B35EF51C0D7D7D00EC6AC9 /* Assets.xcassets in Resources */ = {isa = PBXBuildFile; fileRef = 94B35EF41C0D7D7D00EC6AC9 /* Assets.xcassets */; };
		94B35EF81C0D7D7D00EC6AC9 /* LaunchScreen.storyboard in Resources */ = {isa = PBXBuildFile; fileRef = 94B35EF61C0D7D7D00EC6AC9 /* LaunchScreen.storyboard */; };
		94B35F021C0D93AC00EC6AC9 /* PlaySoundsViewController.swift in Sources */ = {isa = PBXBuildFile; fileRef = 94B35F011C0D93AC00EC6AC9 /* PlaySoundsViewController.swift */; };
		94B35F041C0D965700EC6AC9 /* movie_quote.mp3 in Resources */ = {isa = PBXBuildFile; fileRef = 94B35F031C0D965700EC6AC9 /* movie_quote.mp3 */; };
		94B35F061C0E0A5E00EC6AC9 /* RecordedAudio.swift in Sources */ = {isa = PBXBuildFile; fileRef = 94B35F051C0E0A5E00EC6AC9 /* RecordedAudio.swift */; };
/* End PBXBuildFile section */

/* Begin PBXFileReference section */
		94B35EEA1C0D7D7D00EC6AC9 /* Pitch Perfect.app */ = {isa = PBXFileReference; explicitFileType = wrapper.application; includeInIndex = 0; path = "Pitch Perfect.app"; sourceTree = BUILT_PRODUCTS_DIR; };
		94B35EED1C0D7D7D00EC6AC9 /* AppDelegate.swift */ = {isa = PBXFileReference; lastKnownFileType = sourcecode.swift; path = AppDelegate.swift; sourceTree = "<group>"; };
		94B35EEF1C0D7D7D00EC6AC9 /* RecordSoundsViewController.swift */ = {isa = PBXFileReference; lastKnownFileType = sourcecode.swift; path = RecordSoundsViewController.swift; sourceTree = "<group>"; };
		94B35EF21C0D7D7D00EC6AC9 /* Base */ = {isa = PBXFileReference; lastKnownFileType = file.storyboard; name = Base; path = Base.lproj/Main.storyboard; sourceTree = "<group>"; };
		94B35EF41C0D7D7D00EC6AC9 /* Assets.xcassets */ = {isa = PBXFileReference; lastKnownFileType = folder.assetcatalog; path = Assets.xcassets; sourceTree = "<group>"; };
		94B35EF71C0D7D7D00EC6AC9 /* Base */ = {isa = PBXFileReference; lastKnownFileType = file.storyboard; name = Base; path = Base.lproj/LaunchScreen.storyboard; sourceTree = "<group>"; };
		94B35EF91C0D7D7D00EC6AC9 /* Info.plist */ = {isa = PBXFileReference; lastKnownFileType = text.plist.xml; path = Info.plist; sourceTree = "<group>"; };
		94B35F011C0D93AC00EC6AC9 /* PlaySoundsViewController.swift */ = {isa = PBXFileReference; fileEncoding = 4; lastKnownFileType = sourcecode.swift; path = PlaySoundsViewController.swift; sourceTree = "<group>"; };
		94B35F031C0D965700EC6AC9 /* movie_quote.mp3 */ = {isa = PBXFileReference; lastKnownFileType = audio.mp3; path = movie_quote.mp3; sourceTree = "<group>"; };
		94B35F051C0E0A5E00EC6AC9 /* RecordedAudio.swift */ = {isa = PBXFileReference; fileEncoding = 4; lastKnownFileType = sourcecode.swift; path = RecordedAudio.swift; sourceTree = "<group>"; };
/* End PBXFileReference section */

/* Begin PBXFrameworksBuildPhase section */
		94B35EE71C0D7D7D00EC6AC9 /* Frameworks */ = {
			isa = PBXFrameworksBuildPhase;
			buildActionMask = 2147483647;
			files = (
			);
			runOnlyForDeploymentPostprocessing = 0;
		};
/* End PBXFrameworksBuildPhase section */

/* Begin PBXGroup section */
		94B35EE11C0D7D7D00EC6AC9 = {
			isa = PBXGroup;
			children = (
				94B35EEC1C0D7D7D00EC6AC9 /* Pitch Perfect */,
				94B35EEB1C0D7D7D00EC6AC9 /* Products */,
			);
			sourceTree = "<group>";
		};
		94B35EEB1C0D7D7D00EC6AC9 /* Products */ = {
			isa = PBXGroup;
			children = (
				94B35EEA1C0D7D7D00EC6AC9 /* Pitch Perfect.app */,
			);
			name = Products;
			sourceTree = "<group>";
		};
		94B35EEC1C0D7D7D00EC6AC9 /* Pitch Perfect */ = {
			isa = PBXGroup;
			children = (
				94B35EED1C0D7D7D00EC6AC9 /* AppDelegate.swift */,
				94B35EEF1C0D7D7D00EC6AC9 /* RecordSoundsViewController.swift */,
				94B35F051C0E0A5E00EC6AC9 /* RecordedAudio.swift */,
				94B35F011C0D93AC00EC6AC9 /* PlaySoundsViewController.swift */,
				94B35EF11C0D7D7D00EC6AC9 /* Main.storyboard */,
				94B35EF41C0D7D7D00EC6AC9 /* Assets.xcassets */,
				94B35EF61C0D7D7D00EC6AC9 /* LaunchScreen.storyboard */,
				94B35EF91C0D7D7D00EC6AC9 /* Info.plist */,
				94B35F031C0D965700EC6AC9 /* movie_quote.mp3 */,
			);
			path = "Pitch Perfect";
			sourceTree = "<group>";
		};
/* End PBXGroup section */

/* Begin PBXNativeTarget section */
		94B35EE91C0D7D7D00EC6AC9 /* Pitch Perfect */ = {
			isa = PBXNativeTarget;
			buildConfigurationList = 94B35EFC1C0D7D7D00EC6AC9 /* Build configuration list for PBXNativeTarget "Pitch Perfect" */;
			buildPhases = (
				94B35EE61C0D7D7D00EC6AC9 /* Sources */,
				94B35EE71C0D7D7D00EC6AC9 /* Frameworks */,
				94B35EE81C0D7D7D00EC6AC9 /* Resources */,
			);
			buildRules = (
			);
			dependencies = (
			);
			name = "Pitch Perfect";
			productName = "Pitch Perfect";
			productReference = 94B35EEA1C0D7D7D00EC6AC9 /* Pitch Perfect.app */;
			productType = "com.apple.product-type.application";
		};
/* End PBXNativeTarget section */

/* Begin PBXProject section */
		94B35EE21C0D7D7D00EC6AC9 /* Project object */ = {
			isa = PBXProject;
			attributes = {
				LastUpgradeCheck = 0700;
				ORGANIZATIONNAME = workflow;
				TargetAttributes = {
					94B35EE91C0D7D7D00EC6AC9 = {
						CreatedOnToolsVersion = 7.0.1;
						DevelopmentTeam = C253935S5S;
					};
				};
			};
			buildConfigurationList = 94B35EE51C0D7D7D00EC6AC9 /* Build configuration list for PBXProject "Pitch Perfect" */;
			compatibilityVersion = "Xcode 3.2";
			developmentRegion = English;
			hasScannedForEncodings = 0;
			knownRegions = (
				en,
				Base,
			);
			mainGroup = 94B35EE11C0D7D7D00EC6AC9;
			productRefGroup = 94B35EEB1C0D7D7D00EC6AC9 /* Products */;
			projectDirPath = "";
			projectRoot = "";
			targets = (
				94B35EE91C0D7D7D00EC6AC9 /* Pitch Perfect */,
			);
		};
/* End PBXProject section */

/* Begin PBXResourcesBuildPhase section */
		94B35EE81C0D7D7D00EC6AC9 /* Resources */ = {
			isa = PBXResourcesBuildPhase;
			buildActionMask = 2147483647;
			files = (
				94B35EF81C0D7D7D00EC6AC9 /* LaunchScreen.storyboard in Resources */,
				94B35EF51C0D7D7D00EC6AC9 /* Assets.xcassets in Resources */,
				94B35F041C0D965700EC6AC9 /* movie_quote.mp3 in Resources */,
				94B35EF31C0D7D7D00EC6AC9 /* Main.storyboard in Resources */,
			);
			runOnlyForDeploymentPostprocessing = 0;
		};
/* End PBXResourcesBuildPhase section */

/* Begin PBXSourcesBuildPhase section */
		94B35EE61C0D7D7D00EC6AC9 /* Sources */ = {
			isa = PBXSourcesBuildPhase;
			buildActionMask = 2147483647;
			files = (
				94B35F061C0E0A5E00EC6AC9 /* RecordedAudio.swift in Sources */,
				94B35EF01C0D7D7D00EC6AC9 /* RecordSoundsViewController.swift in Sources */,
				94B35F021C0D93AC00EC6AC9 /* PlaySoundsViewController.swift in Sources */,
				94B35EEE1C0D7D7D00EC6AC9 /* AppDelegate.swift in Sources */,
			);
			runOnlyForDeploymentPostprocessing = 0;
		};
/* End PBXSourcesBuildPhase section */

/* Begin PBXVariantGroup section */
		94B35EF11C0D7D7D00EC6AC9 /* Main.storyboard */ = {
			isa = PBXVariantGroup;
			children = (
				94B35EF21C0D7D7D00EC6AC9 /* Base */,
			);
			name = Main.storyboard;
			sourceTree = "<group>";
		};
		94B35EF61C0D7D7D00EC6AC9 /* LaunchScreen.storyboard */ = {
			isa = PBXVariantGroup;
			children = (
				94B35EF71C0D7D7D00EC6AC9 /* Base */,
			);
			name = LaunchScreen.storyboard;
			sourceTree = "<group>";
		};
/* End PBXVariantGroup section */

/* Begin XCBuildConfiguration section */
		94B35EFA1C0D7D7D00EC6AC9 /* Debug */ = {
			isa = XCBuildConfiguration;
			buildSettings = {
				ALWAYS_SEARCH_USER_PATHS = NO;
				CLANG_CXX_LANGUAGE_STANDARD = "gnu++0x";
				CLANG_CXX_LIBRARY = "libc++";
				CLANG_ENABLE_MODULES = YES;
				CLANG_ENABLE_OBJC_ARC = YES;
				CLANG_WARN_BOOL_CONVERSION = YES;
				CLANG_WARN_CONSTANT_CONVERSION = YES;
				CLANG_WARN_DIRECT_OBJC_ISA_USAGE = YES_ERROR;
				CLANG_WARN_EMPTY_BODY = YES;
				CLANG_WARN_ENUM_CONVERSION = YES;
				CLANG_WARN_INT_CONVERSION = YES;
				CLANG_WARN_OBJC_ROOT_CLASS = YES_ERROR;
				CLANG_WARN_UNREACHABLE_CODE = YES;
				CLANG_WARN__DUPLICATE_METHOD_MATCH = YES;
				"CODE_SIGN_IDENTITY[sdk=iphoneos*]" = "iPhone Developer";
				COPY_PHASE_STRIP = NO;
				DEBUG_INFORMATION_FORMAT = dwarf;
				ENABLE_STRICT_OBJC_MSGSEND = YES;
				ENABLE_TESTABILITY = YES;
				GCC_C_LANGUAGE_STANDARD = gnu99;
				GCC_DYNAMIC_NO_PIC = NO;
				GCC_NO_COMMON_BLOCKS = YES;
				GCC_OPTIMIZATION_LEVEL = 0;
				GCC_PREPROCESSOR_DEFINITIONS = (
					"DEBUG=1",
					"$(inherited)",
				);
				GCC_WARN_64_TO_32_BIT_CONVERSION = YES;
				GCC_WARN_ABOUT_RETURN_TYPE = YES_ERROR;
				GCC_WARN_UNDECLARED_SELECTOR = YES;
				GCC_WARN_UNINITIALIZED_AUTOS = YES_AGGRESSIVE;
				GCC_WARN_UNUSED_FUNCTION = YES;
				GCC_WARN_UNUSED_VARIABLE = YES;
				IPHONEOS_DEPLOYMENT_TARGET = 9.0;
				MTL_ENABLE_DEBUG_INFO = YES;
				ONLY_ACTIVE_ARCH = YES;
				SDKROOT = iphoneos;
				SWIFT_OPTIMIZATION_LEVEL = "-Onone";
			};
			name = Debug;
		};
		94B35EFB1C0D7D7D00EC6AC9 /* Release */ = {
			isa = XCBuildConfiguration;
			buildSettings = {
				ALWAYS_SEARCH_USER_PATHS = NO;
				CLANG_CXX_LANGUAGE_STANDARD = "gnu++0x";
				CLANG_CXX_LIBRARY = "libc++";
				CLANG_ENABLE_MODULES = YES;
				CLANG_ENABLE_OBJC_ARC = YES;
				CLANG_WARN_BOOL_CONVERSION = YES;
				CLANG_WARN_CONSTANT_CONVERSION = YES;
				CLANG_WARN_DIRECT_OBJC_ISA_USAGE = YES_ERROR;
				CLANG_WARN_EMPTY_BODY = YES;
				CLANG_WARN_ENUM_CONVERSION = YES;
				CLANG_WARN_INT_CONVERSION = YES;
				CLANG_WARN_OBJC_ROOT_CLASS = YES_ERROR;
				CLANG_WARN_UNREACHABLE_CODE = YES;
				CLANG_WARN__DUPLICATE_METHOD_MATCH = YES;
				"CODE_SIGN_IDENTITY[sdk=iphoneos*]" = "iPhone Developer";
				COPY_PHASE_STRIP = NO;
				DEBUG_INFORMATION_FORMAT = "dwarf-with-dsym";
				ENABLE_NS_ASSERTIONS = NO;
				ENABLE_STRICT_OBJC_MSGSEND = YES;
				GCC_C_LANGUAGE_STANDARD = gnu99;
				GCC_NO_COMMON_BLOCKS = YES;
				GCC_WARN_64_TO_32_BIT_CONVERSION = YES;
				GCC_WARN_ABOUT_RETURN_TYPE = YES_ERROR;
				GCC_WARN_UNDECLARED_SELECTOR = YES;
				GCC_WARN_UNINITIALIZED_AUTOS = YES_AGGRESSIVE;
				GCC_WARN_UNUSED_FUNCTION = YES;
				GCC_WARN_UNUSED_VARIABLE = YES;
				IPHONEOS_DEPLOYMENT_TARGET = 9.0;
				MTL_ENABLE_DEBUG_INFO = NO;
				SDKROOT = iphoneos;
				VALIDATE_PRODUCT = YES;
			};
			name = Release;
		};
		94B35EFD1C0D7D7D00EC6AC9 /* Debug */ = {
			isa = XCBuildConfiguration;
			buildSettings = {
				ASSETCATALOG_COMPILER_APPICON_NAME = AppIcon;
				CODE_SIGN_IDENTITY = "iPhone Developer";
				"CODE_SIGN_IDENTITY[sdk=iphoneos*]" = "iPhone Developer";
				INFOPLIST_FILE = "Pitch Perfect/Info.plist";
				LD_RUNPATH_SEARCH_PATHS = "$(inherited) @executable_path/Frameworks";
				PRODUCT_BUNDLE_IDENTIFIER = "com.workflow.Pitch-Perfect";
				PRODUCT_NAME = "$(TARGET_NAME)";
				PROVISIONING_PROFILE = "";
				TARGETED_DEVICE_FAMILY = 1;
			};
			name = Debug;
		};
		94B35EFE1C0D7D7D00EC6AC9 /* Release */ = {
			isa = XCBuildConfiguration;
			buildSettings = {
				ASSETCATALOG_COMPILER_APPICON_NAME = AppIcon;
				CODE_SIGN_IDENTITY = "iPhone Developer";
				"CODE_SIGN_IDENTITY[sdk=iphoneos*]" = "iPhone Developer";
				INFOPLIST_FILE = "Pitch Perfect/Info.plist";
				LD_RUNPATH_SEARCH_PATHS = "$(inherited) @executable_path/Frameworks";
				PRODUCT_BUNDLE_IDENTIFIER = "com.workflow.Pitch-Perfect";
				PRODUCT_NAME = "$(TARGET_NAME)";
				PROVISIONING_PROFILE = "";
				TARGETED_DEVICE_FAMILY = 1;
			};
			name = Release;
		};
/* End XCBuildConfiguration section */

/* Begin XCConfigurationList section */
		94B35EE51C0D7D7D00EC6AC9 /* Build configuration list for PBXProject "Pitch Perfect" */ = {
			isa = XCConfigurationList;
			buildConfigurations = (
				94B35EFA1C0D7D7D00EC6AC9 /* Debug */,
				94B35EFB1C0D7D7D00EC6AC9 /* Release */,
			);
			defaultConfigurationIsVisible = 0;
			defaultConfigurationName = Release;
		};
		94B35EFC1C0D7D7D00EC6AC9 /* Build configuration list for PBXNativeTarget "Pitch Perfect" */ = {
			isa = XCConfigurationList;
			buildConfigurations = (
				94B35EFD1C0D7D7D00EC6AC9 /* Debug */,
				94B35EFE1C0D7D7D00EC6AC9 /* Release */,
			);
			defaultConfigurationIsVisible = 0;
			defaultConfigurationName = Release;
		};
/* End XCConfigurationList section */
	};
	rootObject = 94B35EE21C0D7D7D00EC6AC9 /* Project object */;
}
